
Microsoft Visual Studio Solution File, Format Version 12.00
Project("{FAE04EC0-301F-11D3-BF4B-00C04F79EFBC}") = "Infrastructure", "AppQl\Infrastructure\Infrastructure.csproj", "{5B5161BF-AFAB-4A44-AF42-E5B6F26EA782}"
EndProject
Project("{2150E333-8FDC-42A3-9474-1A3956D46DE8}") = "Presentation", "Presentation", "{740EDA1E-5BC6-4D8E-A997-4670AAD23342}"
EndProject
Project("{FAE04EC0-301F-11D3-BF4B-00C04F79EFBC}") = "HangfireApi", "AppGios\HangfireApi\HangfireApi.csproj", "{71068C3A-8D3F-46F4-8B57-FA77361B9C6D}"
EndProject
Project("{FAE04EC0-301F-11D3-BF4B-00C04F79EFBC}") = "WebQlApi", "AppQl\WebQlApi\WebQlApi.csproj", "{844EE65A-3CFA-4002-8695-09220BE7D89C}"
EndProject
Project("{FAE04EC0-301F-11D3-BF4B-00C04F79EFBC}") = "ApplicationQlApp", "ApplicationQlApp\ApplicationQlApp.csproj", "{E4C8C33F-6CAB-42CF-B864-CFDA715D2D40}"
EndProject
Project("{FAE04EC0-301F-11D3-BF4B-00C04F79EFBC}") = "ApplicationGios", "AppGios\ApplicationGios\ApplicationGios.csproj", "{88EB96E9-F28A-4F86-8ECD-162250DB45E4}"
EndProject
Project("{2150E333-8FDC-42A3-9474-1A3956D46DE8}") = "GiosApi", "GiosApi", "{49F86BF7-5E96-4BB4-82CB-04BC9E97BCC0}"
EndProject
Project("{2150E333-8FDC-42A3-9474-1A3956D46DE8}") = "QlApi", "QlApi", "{16F49927-427C-40B0-8FE1-79A39D5F3409}"
EndProject
Project("{FAE04EC0-301F-11D3-BF4B-00C04F79EFBC}") = "InfrastructureGios", "AppGios\InfrastructureGios\InfrastructureGios.csproj", "{145F1F77-8085-4A8F-B74B-42BFBDE60613}"
EndProject
Project("{FAE04EC0-301F-11D3-BF4B-00C04F79EFBC}") = "Shareed", "Shareed\Shareed.csproj", "{217F28D5-962C-4A0C-B325-65F69ABA1B34}"
EndProject
Project("{FAE04EC0-301F-11D3-BF4B-00C04F79EFBC}") = "DomainGios", "AppGios\DomainGios\DomainGios.csproj", "{83F25F85-546C-4B5C-95DD-47D6D716BAAD}"
EndProject
Project("{FAE04EC0-301F-11D3-BF4B-00C04F79EFBC}") = "ApplicationQL", "AppQl\ApplicationQL\ApplicationQL.csproj", "{6E51FBF7-4AC9-4373-B395-8E59422A6825}"
EndProject
Project("{FAE04EC0-301F-11D3-BF4B-00C04F79EFBC}") = "DomainQL", "AppQl\DomainQL\DomainQL.csproj", "{801BCED4-55F8-4682-8712-7C9C9F4836D6}"
EndProject
Global
	GlobalSection(SolutionConfigurationPlatforms) = preSolution
		Debug|Any CPU = Debug|Any CPU
		Release|Any CPU = Release|Any CPU
	EndGlobalSection
	GlobalSection(ProjectConfigurationPlatforms) = postSolution
		{5B5161BF-AFAB-4A44-AF42-E5B6F26EA782}.Debug|Any CPU.ActiveCfg = Debug|Any CPU
		{5B5161BF-AFAB-4A44-AF42-E5B6F26EA782}.Debug|Any CPU.Build.0 = Debug|Any CPU
		{5B5161BF-AFAB-4A44-AF42-E5B6F26EA782}.Release|Any CPU.ActiveCfg = Release|Any CPU
		{5B5161BF-AFAB-4A44-AF42-E5B6F26EA782}.Release|Any CPU.Build.0 = Release|Any CPU
		{71068C3A-8D3F-46F4-8B57-FA77361B9C6D}.Debug|Any CPU.ActiveCfg = Debug|Any CPU
		{71068C3A-8D3F-46F4-8B57-FA77361B9C6D}.Debug|Any CPU.Build.0 = Debug|Any CPU
		{71068C3A-8D3F-46F4-8B57-FA77361B9C6D}.Release|Any CPU.ActiveCfg = Release|Any CPU
		{71068C3A-8D3F-46F4-8B57-FA77361B9C6D}.Release|Any CPU.Build.0 = Release|Any CPU
		{844EE65A-3CFA-4002-8695-09220BE7D89C}.Debug|Any CPU.ActiveCfg = Debug|Any CPU
		{844EE65A-3CFA-4002-8695-09220BE7D89C}.Debug|Any CPU.Build.0 = Debug|Any CPU
		{844EE65A-3CFA-4002-8695-09220BE7D89C}.Release|Any CPU.ActiveCfg = Release|Any CPU
		{844EE65A-3CFA-4002-8695-09220BE7D89C}.Release|Any CPU.Build.0 = Release|Any CPU
		{E4C8C33F-6CAB-42CF-B864-CFDA715D2D40}.Debug|Any CPU.ActiveCfg = Debug|Any CPU
		{E4C8C33F-6CAB-42CF-B864-CFDA715D2D40}.Debug|Any CPU.Build.0 = Debug|Any CPU
		{E4C8C33F-6CAB-42CF-B864-CFDA715D2D40}.Release|Any CPU.ActiveCfg = Release|Any CPU
		{E4C8C33F-6CAB-42CF-B864-CFDA715D2D40}.Release|Any CPU.Build.0 = Release|Any CPU
		{88EB96E9-F28A-4F86-8ECD-162250DB45E4}.Debug|Any CPU.ActiveCfg = Debug|Any CPU
		{88EB96E9-F28A-4F86-8ECD-162250DB45E4}.Debug|Any CPU.Build.0 = Debug|Any CPU
		{88EB96E9-F28A-4F86-8ECD-162250DB45E4}.Release|Any CPU.ActiveCfg = Release|Any CPU
		{88EB96E9-F28A-4F86-8ECD-162250DB45E4}.Release|Any CPU.Build.0 = Release|Any CPU
		{145F1F77-8085-4A8F-B74B-42BFBDE60613}.Debug|Any CPU.ActiveCfg = Debug|Any CPU
		{145F1F77-8085-4A8F-B74B-42BFBDE60613}.Debug|Any CPU.Build.0 = Debug|Any CPU
		{145F1F77-8085-4A8F-B74B-42BFBDE60613}.Release|Any CPU.ActiveCfg = Release|Any CPU
		{145F1F77-8085-4A8F-B74B-42BFBDE60613}.Release|Any CPU.Build.0 = Release|Any CPU
		{217F28D5-962C-4A0C-B325-65F69ABA1B34}.Debug|Any CPU.ActiveCfg = Debug|Any CPU
		{217F28D5-962C-4A0C-B325-65F69ABA1B34}.Debug|Any CPU.Build.0 = Debug|Any CPU
		{217F28D5-962C-4A0C-B325-65F69ABA1B34}.Release|Any CPU.ActiveCfg = Release|Any CPU
		{217F28D5-962C-4A0C-B325-65F69ABA1B34}.Release|Any CPU.Build.0 = Release|Any CPU
		{83F25F85-546C-4B5C-95DD-47D6D716BAAD}.Debug|Any CPU.ActiveCfg = Debug|Any CPU
		{83F25F85-546C-4B5C-95DD-47D6D716BAAD}.Debug|Any CPU.Build.0 = Debug|Any CPU
		{83F25F85-546C-4B5C-95DD-47D6D716BAAD}.Release|Any CPU.ActiveCfg = Release|Any CPU
		{83F25F85-546C-4B5C-95DD-47D6D716BAAD}.Release|Any CPU.Build.0 = Release|Any CPU
		{6E51FBF7-4AC9-4373-B395-8E59422A6825}.Debug|Any CPU.ActiveCfg = Debug|Any CPU
		{6E51FBF7-4AC9-4373-B395-8E59422A6825}.Debug|Any CPU.Build.0 = Debug|Any CPU
		{6E51FBF7-4AC9-4373-B395-8E59422A6825}.Release|Any CPU.ActiveCfg = Release|Any CPU
		{6E51FBF7-4AC9-4373-B395-8E59422A6825}.Release|Any CPU.Build.0 = Release|Any CPU
		{801BCED4-55F8-4682-8712-7C9C9F4836D6}.Debug|Any CPU.ActiveCfg = Debug|Any CPU
		{801BCED4-55F8-4682-8712-7C9C9F4836D6}.Debug|Any CPU.Build.0 = Debug|Any CPU
		{801BCED4-55F8-4682-8712-7C9C9F4836D6}.Release|Any CPU.ActiveCfg = Release|Any CPU
		{801BCED4-55F8-4682-8712-7C9C9F4836D6}.Release|Any CPU.Build.0 = Release|Any CPU
	EndGlobalSection
	GlobalSection(NestedProjects) = preSolution
		{71068C3A-8D3F-46F4-8B57-FA77361B9C6D} = {740EDA1E-5BC6-4D8E-A997-4670AAD23342}
		{844EE65A-3CFA-4002-8695-09220BE7D89C} = {740EDA1E-5BC6-4D8E-A997-4670AAD23342}
		{88EB96E9-F28A-4F86-8ECD-162250DB45E4} = {49F86BF7-5E96-4BB4-82CB-04BC9E97BCC0}
		{145F1F77-8085-4A8F-B74B-42BFBDE60613} = {49F86BF7-5E96-4BB4-82CB-04BC9E97BCC0}
		{83F25F85-546C-4B5C-95DD-47D6D716BAAD} = {49F86BF7-5E96-4BB4-82CB-04BC9E97BCC0}
		{6E51FBF7-4AC9-4373-B395-8E59422A6825} = {16F49927-427C-40B0-8FE1-79A39D5F3409}
		{5B5161BF-AFAB-4A44-AF42-E5B6F26EA782} = {16F49927-427C-40B0-8FE1-79A39D5F3409}
		{801BCED4-55F8-4682-8712-7C9C9F4836D6} = {16F49927-427C-40B0-8FE1-79A39D5F3409}
	EndGlobalSection
EndGlobal
